
Microsoft Visual Studio Solution File, Format Version 12.00
# Visual Studio 15
VisualStudioVersion = 15.0.26430.16
MinimumVisualStudioVersion = 10.0.40219.1
Project("{FAE04EC0-301F-11D3-BF4B-00C04F79EFBC}") = "Portal", "Portal\Portal.csproj", "{869F5925-76C4-4AAC-A022-AA159D6954E7}"
	ProjectSection(ProjectDependencies) = postProject
		{D02BB9AB-C54A-451D-84CF-DD51AC760D05} = {D02BB9AB-C54A-451D-84CF-DD51AC760D05}
	EndProjectSection
EndProject
Project("{FAE04EC0-301F-11D3-BF4B-00C04F79EFBC}") = "Portal.DAL", "Portal.DAL\Portal.DAL.csproj", "{E4570949-E71B-4192-AE9D-27980AAC62D7}"
EndProject
Project("{FAE04EC0-301F-11D3-BF4B-00C04F79EFBC}") = "Portal.BL", "Portal.BL\Portal.BL.csproj", "{D02BB9AB-C54A-451D-84CF-DD51AC760D05}"
	ProjectSection(ProjectDependencies) = postProject
		{E4570949-E71B-4192-AE9D-27980AAC62D7} = {E4570949-E71B-4192-AE9D-27980AAC62D7}
	EndProjectSection
EndProject
Project("{FAE04EC0-301F-11D3-BF4B-00C04F79EFBC}") = "Portal.Service", "Portal.Service\Portal.Service.csproj", "{D31B5A77-A9E7-4310-88B0-12103BF28A8A}"
	ProjectSection(ProjectDependencies) = postProject
		{869F5925-76C4-4AAC-A022-AA159D6954E7} = {869F5925-76C4-4AAC-A022-AA159D6954E7}
		{E4570949-E71B-4192-AE9D-27980AAC62D7} = {E4570949-E71B-4192-AE9D-27980AAC62D7}
		{D02BB9AB-C54A-451D-84CF-DD51AC760D05} = {D02BB9AB-C54A-451D-84CF-DD51AC760D05}
	EndProjectSection
EndProject
Global
	GlobalSection(SolutionConfigurationPlatforms) = preSolution
		Debug|Any CPU = Debug|Any CPU
		Debug|x86 = Debug|x86
		Release|Any CPU = Release|Any CPU
		Release|x86 = Release|x86
	EndGlobalSection
	GlobalSection(ProjectConfigurationPlatforms) = postSolution
		{869F5925-76C4-4AAC-A022-AA159D6954E7}.Debug|Any CPU.ActiveCfg = Debug|Any CPU
		{869F5925-76C4-4AAC-A022-AA159D6954E7}.Debug|Any CPU.Build.0 = Debug|Any CPU
		{869F5925-76C4-4AAC-A022-AA159D6954E7}.Debug|x86.ActiveCfg = Debug|x86
		{869F5925-76C4-4AAC-A022-AA159D6954E7}.Debug|x86.Build.0 = Debug|x86
		{869F5925-76C4-4AAC-A022-AA159D6954E7}.Release|Any CPU.ActiveCfg = Release|Any CPU
		{869F5925-76C4-4AAC-A022-AA159D6954E7}.Release|Any CPU.Build.0 = Release|Any CPU
		{869F5925-76C4-4AAC-A022-AA159D6954E7}.Release|x86.ActiveCfg = Release|x86
		{869F5925-76C4-4AAC-A022-AA159D6954E7}.Release|x86.Build.0 = Release|x86
		{E4570949-E71B-4192-AE9D-27980AAC62D7}.Debug|Any CPU.ActiveCfg = Debug|Any CPU
		{E4570949-E71B-4192-AE9D-27980AAC62D7}.Debug|Any CPU.Build.0 = Debug|Any CPU
		{E4570949-E71B-4192-AE9D-27980AAC62D7}.Debug|x86.ActiveCfg = Debug|Any CPU
		{E4570949-E71B-4192-AE9D-27980AAC62D7}.Debug|x86.Build.0 = Debug|Any CPU
		{E4570949-E71B-4192-AE9D-27980AAC62D7}.Release|Any CPU.ActiveCfg = Release|Any CPU
		{E4570949-E71B-4192-AE9D-27980AAC62D7}.Release|Any CPU.Build.0 = Release|Any CPU
		{E4570949-E71B-4192-AE9D-27980AAC62D7}.Release|x86.ActiveCfg = Release|Any CPU
		{E4570949-E71B-4192-AE9D-27980AAC62D7}.Release|x86.Build.0 = Release|Any CPU
		{D02BB9AB-C54A-451D-84CF-DD51AC760D05}.Debug|Any CPU.ActiveCfg = Debug|Any CPU
		{D02BB9AB-C54A-451D-84CF-DD51AC760D05}.Debug|Any CPU.Build.0 = Debug|Any CPU
		{D02BB9AB-C54A-451D-84CF-DD51AC760D05}.Debug|x86.ActiveCfg = Debug|Any CPU
		{D02BB9AB-C54A-451D-84CF-DD51AC760D05}.Debug|x86.Build.0 = Debug|Any CPU
		{D02BB9AB-C54A-451D-84CF-DD51AC760D05}.Release|Any CPU.ActiveCfg = Release|Any CPU
		{D02BB9AB-C54A-451D-84CF-DD51AC760D05}.Release|Any CPU.Build.0 = Release|Any CPU
		{D02BB9AB-C54A-451D-84CF-DD51AC760D05}.Release|x86.ActiveCfg = Release|Any CPU
		{D02BB9AB-C54A-451D-84CF-DD51AC760D05}.Release|x86.Build.0 = Release|Any CPU
		{D31B5A77-A9E7-4310-88B0-12103BF28A8A}.Debug|Any CPU.ActiveCfg = Debug|Any CPU
		{D31B5A77-A9E7-4310-88B0-12103BF28A8A}.Debug|Any CPU.Build.0 = Debug|Any CPU
		{D31B5A77-A9E7-4310-88B0-12103BF28A8A}.Debug|x86.ActiveCfg = Debug|Any CPU
		{D31B5A77-A9E7-4310-88B0-12103BF28A8A}.Debug|x86.Build.0 = Debug|Any CPU
		{D31B5A77-A9E7-4310-88B0-12103BF28A8A}.Release|Any CPU.ActiveCfg = Release|Any CPU
		{D31B5A77-A9E7-4310-88B0-12103BF28A8A}.Release|Any CPU.Build.0 = Release|Any CPU
		{D31B5A77-A9E7-4310-88B0-12103BF28A8A}.Release|x86.ActiveCfg = Release|Any CPU
		{D31B5A77-A9E7-4310-88B0-12103BF28A8A}.Release|x86.Build.0 = Release|Any CPU
	EndGlobalSection
	GlobalSection(SolutionProperties) = preSolution
		HideSolutionNode = FALSE
	EndGlobalSection
EndGlobal
